
Microsoft Visual Studio Solution File, Format Version 12.00
# Visual Studio Version 17
VisualStudioVersion = 17.2.32616.157
MinimumVisualStudioVersion = 10.0.40219.1
Project("{9A19103F-16F7-4668-BE54-9A1E7A4F7556}") = "SheetImageCompositor", "SheetImageCompositor.csproj", "{F617810B-0BEB-4875-BC6C-2D9BE8F88DD8}"
EndProject
Project("{FAE04EC0-301F-11D3-BF4B-00C04F79EFBC}") = "SheetImageCompositorTests", "..\SheetImageCompositorTests\SheetImageCompositorTests.csproj", "{40ACD3CA-DA05-4E35-8CD3-83CB5D588152}"
EndProject
Global
	GlobalSection(SolutionConfigurationPlatforms) = preSolution
		Debug|Any CPU = Debug|Any CPU
		Release|Any CPU = Release|Any CPU
	EndGlobalSection
	GlobalSection(ProjectConfigurationPlatforms) = postSolution
		{F617810B-0BEB-4875-BC6C-2D9BE8F88DD8}.Debug|Any CPU.ActiveCfg = Debug|Any CPU
		{F617810B-0BEB-4875-BC6C-2D9BE8F88DD8}.Debug|Any CPU.Build.0 = Debug|Any CPU
		{F617810B-0BEB-4875-BC6C-2D9BE8F88DD8}.Release|Any CPU.ActiveCfg = Release|Any CPU
		{F617810B-0BEB-4875-BC6C-2D9BE8F88DD8}.Release|Any CPU.Build.0 = Release|Any CPU
		{40ACD3CA-DA05-4E35-8CD3-83CB5D588152}.Debug|Any CPU.ActiveCfg = Debug|Any CPU
		{40ACD3CA-DA05-4E35-8CD3-83CB5D588152}.Debug|Any CPU.Build.0 = Debug|Any CPU
		{40ACD3CA-DA05-4E35-8CD3-83CB5D588152}.Release|Any CPU.ActiveCfg = Release|Any CPU
		{40ACD3CA-DA05-4E35-8CD3-83CB5D588152}.Release|Any CPU.Build.0 = Release|Any CPU
	EndGlobalSection
	GlobalSection(SolutionProperties) = preSolution
		HideSolutionNode = FALSE
	EndGlobalSection
	GlobalSection(ExtensibilityGlobals) = postSolution
		SolutionGuid = {1DCB844C-1313-4888-8C06-13F6DD06728F}
	EndGlobalSection
EndGlobal
